
Microsoft Visual Studio Solution File, Format Version 12.00
# Visual Studio 15
VisualStudioVersion = 15.0.27428.2037
MinimumVisualStudioVersion = 10.0.40219.1
Project("{FAE04EC0-301F-11D3-BF4B-00C04F79EFBC}") = "Miscellany", "Miscellany\Miscellany.csproj", "{675630B0-128A-44A6-AC86-365B8A6076F1}"
EndProject
Global
	GlobalSection(SolutionConfigurationPlatforms) = preSolution
		Debug|Any CPU = Debug|Any CPU
		Release|Any CPU = Release|Any CPU
	EndGlobalSection
	GlobalSection(ProjectConfigurationPlatforms) = postSolution
		{675630B0-128A-44A6-AC86-365B8A6076F1}.Debug|Any CPU.ActiveCfg = Debug|Any CPU
		{675630B0-128A-44A6-AC86-365B8A6076F1}.Debug|Any CPU.Build.0 = Debug|Any CPU
		{675630B0-128A-44A6-AC86-365B8A6076F1}.Release|Any CPU.ActiveCfg = Release|Any CPU
		{675630B0-128A-44A6-AC86-365B8A6076F1}.Release|Any CPU.Build.0 = Release|Any CPU
	EndGlobalSection
	GlobalSection(SolutionProperties) = preSolution
		HideSolutionNode = FALSE
	EndGlobalSection
	GlobalSection(ExtensibilityGlobals) = postSolution
		SolutionGuid = {8AED3A28-AE3D-45AC-A698-C03D9E4C2BCB}
	EndGlobalSection
EndGlobal
